# Generated by pub
# See https://dart.dev/tools/pub/glossary#lockfile
packages:
  binary_tree:
    dependency: "direct main"
    description:
      name: binary_tree
      url: "https://pub.dartlang.org"
    source: hosted
    version: "1.0.5"
  lints:
    dependency: "direct dev"
    description:
      name: lints
      url: "https://pub.dartlang.org"
    source: hosted
    version: "1.0.1"
  matcher:
    dependency: transitive
    description:
      name: matcher
      url: "https://pub.dartlang.org"
    source: hosted
    version: "0.12.12"
  path:
    dependency: transitive
    description:
      name: path
      url: "https://pub.dartlang.org"
    source: hosted
    version: "1.8.2"
  quiver:
    dependency: "direct main"
    description:
      name: quiver
      url: "https://pub.dartlang.org"
    source: hosted
    version: "3.1.0"
  stack_trace:
    dependency: transitive
    description:
      name: stack_trace
      url: "https://pub.dartlang.org"
    source: hosted
    version: "1.10.0"
sdks:
  dart: ">=2.17.0-69.2.beta <3.0.0"
